
Microsoft Visual Studio Solution File, Format Version 12.00
# Visual Studio 15
VisualStudioVersion = 15.0.26730.12
MinimumVisualStudioVersion = 10.0.40219.1
Project("{FAE04EC0-301F-11D3-BF4B-00C04F79EFBC}") = "Engine", "Engine\Engine.csproj", "{8897C0AF-8F9E-4423-8055-3D8DD48B77AE}"
EndProject
Project("{FAE04EC0-301F-11D3-BF4B-00C04F79EFBC}") = "EngineTests", "EngineTests\EngineTests.csproj", "{82C5F447-FCC4-43C9-A42C-87FFD98FB9DA}"
EndProject
Global
	GlobalSection(SolutionConfigurationPlatforms) = preSolution
		Debug|Any CPU = Debug|Any CPU
		Release|Any CPU = Release|Any CPU
	EndGlobalSection
	GlobalSection(ProjectConfigurationPlatforms) = postSolution
		{8897C0AF-8F9E-4423-8055-3D8DD48B77AE}.Debug|Any CPU.ActiveCfg = Debug|Any CPU
		{8897C0AF-8F9E-4423-8055-3D8DD48B77AE}.Debug|Any CPU.Build.0 = Debug|Any CPU
		{8897C0AF-8F9E-4423-8055-3D8DD48B77AE}.Release|Any CPU.ActiveCfg = Release|Any CPU
		{8897C0AF-8F9E-4423-8055-3D8DD48B77AE}.Release|Any CPU.Build.0 = Release|Any CPU
		{82C5F447-FCC4-43C9-A42C-87FFD98FB9DA}.Debug|Any CPU.ActiveCfg = Debug|Any CPU
		{82C5F447-FCC4-43C9-A42C-87FFD98FB9DA}.Debug|Any CPU.Build.0 = Debug|Any CPU
		{82C5F447-FCC4-43C9-A42C-87FFD98FB9DA}.Release|Any CPU.ActiveCfg = Release|Any CPU
		{82C5F447-FCC4-43C9-A42C-87FFD98FB9DA}.Release|Any CPU.Build.0 = Release|Any CPU
	EndGlobalSection
	GlobalSection(SolutionProperties) = preSolution
		HideSolutionNode = FALSE
	EndGlobalSection
	GlobalSection(ExtensibilityGlobals) = postSolution
		SolutionGuid = {FAF9CC7B-EE8F-4C2F-A23F-AEFAB709E5AE}
	EndGlobalSection
EndGlobal
