
Microsoft Visual Studio Solution File, Format Version 12.00
# Visual Studio Version 16
VisualStudioVersion = 16.0.28922.388
MinimumVisualStudioVersion = 10.0.40219.1
Project("{9A19103F-16F7-4668-BE54-9A1E7A4F7556}") = "Web", "Web\Web.csproj", "{435DBC47-4B1B-425B-B7DF-8DF6A11F8026}"
EndProject
Project("{9A19103F-16F7-4668-BE54-9A1E7A4F7556}") = "Engine", "Engine\Engine.csproj", "{F3777B75-6433-481C-AACF-115E7B1F915D}"
EndProject
Project("{9A19103F-16F7-4668-BE54-9A1E7A4F7556}") = "EngineTests", "EngineTests\EngineTests.csproj", "{5A8677C1-7310-4028-835E-460D25927BD9}"
EndProject
Project("{2150E333-8FDC-42A3-9474-1A3956D46DE8}") = "Solution Items", "Solution Items", "{752503FD-7DA8-4280-8ADB-2A00C8201EC2}"
	ProjectSection(SolutionItems) = preProject
		.editorconfig = .editorconfig
		.gitignore = .gitignore
		README.md = README.md
	EndProjectSection
EndProject
Global
	GlobalSection(SolutionConfigurationPlatforms) = preSolution
		Debug|Any CPU = Debug|Any CPU
		Release|Any CPU = Release|Any CPU
	EndGlobalSection
	GlobalSection(ProjectConfigurationPlatforms) = postSolution
		{435DBC47-4B1B-425B-B7DF-8DF6A11F8026}.Debug|Any CPU.ActiveCfg = Debug|Any CPU
		{435DBC47-4B1B-425B-B7DF-8DF6A11F8026}.Debug|Any CPU.Build.0 = Debug|Any CPU
		{435DBC47-4B1B-425B-B7DF-8DF6A11F8026}.Release|Any CPU.ActiveCfg = Release|Any CPU
		{435DBC47-4B1B-425B-B7DF-8DF6A11F8026}.Release|Any CPU.Build.0 = Release|Any CPU
		{F3777B75-6433-481C-AACF-115E7B1F915D}.Debug|Any CPU.ActiveCfg = Debug|Any CPU
		{F3777B75-6433-481C-AACF-115E7B1F915D}.Debug|Any CPU.Build.0 = Debug|Any CPU
		{F3777B75-6433-481C-AACF-115E7B1F915D}.Release|Any CPU.ActiveCfg = Release|Any CPU
		{F3777B75-6433-481C-AACF-115E7B1F915D}.Release|Any CPU.Build.0 = Release|Any CPU
		{5A8677C1-7310-4028-835E-460D25927BD9}.Debug|Any CPU.ActiveCfg = Debug|Any CPU
		{5A8677C1-7310-4028-835E-460D25927BD9}.Debug|Any CPU.Build.0 = Debug|Any CPU
		{5A8677C1-7310-4028-835E-460D25927BD9}.Release|Any CPU.ActiveCfg = Release|Any CPU
		{5A8677C1-7310-4028-835E-460D25927BD9}.Release|Any CPU.Build.0 = Release|Any CPU
	EndGlobalSection
	GlobalSection(SolutionProperties) = preSolution
		HideSolutionNode = FALSE
	EndGlobalSection
	GlobalSection(ExtensibilityGlobals) = postSolution
		SolutionGuid = {FAF9CC7B-EE8F-4C2F-A23F-AEFAB709E5AE}
	EndGlobalSection
EndGlobal
